
Microsoft Visual Studio Solution File, Format Version 12.00
# Visual Studio 2013
VisualStudioVersion = 12.0.30723.0
MinimumVisualStudioVersion = 10.0.40219.1
Project("{FAE04EC0-301F-11D3-BF4B-00C04F79EFBC}") = "HelloWorld", "WebApplication1\HelloWorld.csproj", "{FE7CCF86-F193-49E5-871D-9556B426B28B}"
EndProject
Project("{22325025-CDA3-4736-83CB-2D32D2FCC215}") = "CloudFormationTemplate1", "CloudFormationTemplate1\CloudFormationTemplate1.cfproj", "{99999999-9999-9999-9999-999999999999}"
EndProject
Global
	GlobalSection(SolutionConfigurationPlatforms) = preSolution
		Debug|Any CPU = Debug|Any CPU
		Debug|x86 = Debug|x86
		Release|Any CPU = Release|Any CPU
		Release|x86 = Release|x86
	EndGlobalSection
	GlobalSection(ProjectConfigurationPlatforms) = postSolution
		{FE7CCF86-F193-49E5-871D-9556B426B28B}.Debug|Any CPU.ActiveCfg = Debug|Any CPU
		{FE7CCF86-F193-49E5-871D-9556B426B28B}.Debug|Any CPU.Build.0 = Debug|Any CPU
		{FE7CCF86-F193-49E5-871D-9556B426B28B}.Debug|x86.ActiveCfg = Debug|Any CPU
		{FE7CCF86-F193-49E5-871D-9556B426B28B}.Release|Any CPU.ActiveCfg = Release|Any CPU
		{FE7CCF86-F193-49E5-871D-9556B426B28B}.Release|Any CPU.Build.0 = Release|Any CPU
		{FE7CCF86-F193-49E5-871D-9556B426B28B}.Release|x86.ActiveCfg = Release|Any CPU
		{99999999-9999-9999-9999-999999999999}.Debug|Any CPU.ActiveCfg = Debug|x86
		{99999999-9999-9999-9999-999999999999}.Debug|x86.ActiveCfg = Debug|x86
		{99999999-9999-9999-9999-999999999999}.Debug|x86.Build.0 = Debug|x86
		{99999999-9999-9999-9999-999999999999}.Release|Any CPU.ActiveCfg = Release|x86
		{99999999-9999-9999-9999-999999999999}.Release|x86.ActiveCfg = Release|x86
		{99999999-9999-9999-9999-999999999999}.Release|x86.Build.0 = Release|x86
	EndGlobalSection
	GlobalSection(SolutionProperties) = preSolution
		HideSolutionNode = FALSE
	EndGlobalSection
EndGlobal
